{
  "name": "model",
  "version": "1.0.0",
  "lockfileVersion": 2,
  "requires": true,
  "packages": {
    "": {
      "name": "model",
      "version": "1.0.0",
      "license": "ISC",
      "dependencies": {
        "Common": "file:../Common"
      }
    },
    "../Common": {
      "name": "common",
      "version": "1.0.0",
      "license": "MIT",
      "dependencies": {
        "@types/crypto-js": "^4.1.1",
        "@types/nanoid-dictionary": "^4.2.0",
        "@types/uuid": "^8.3.4",
        "axios": "^0.26.1",
        "crypto-js": "^4.1.1",
        "moment": "^2.29.2",
        "nanoid": "^3.3.2",
        "nanoid-dictionary": "^4.3.0",
        "process": "^0.11.10",
        "reflect-metadata": "^0.1.13",
        "slugify": "^1.6.5",
        "typeorm": "^0.3.6",
        "uuid": "^8.3.2"
      },
      "devDependencies": {
        "@faker-js/faker": "^6.3.1",
        "@types/jest": "^27.4.1",
        "@types/node": "^17.0.22",
        "jest": "^27.5.1",
        "ts-jest": "^27.1.4"
      }
    },
    "node_modules/Common": {
      "resolved": "../Common",
      "link": true
    }
  },
  "dependencies": {
    "Common": {
      "version": "file:../Common",
      "requires": {
        "@faker-js/faker": "^6.3.1",
        "@types/crypto-js": "^4.1.1",
        "@types/jest": "^27.4.1",
        "@types/nanoid-dictionary": "^4.2.0",
        "@types/node": "^17.0.22",
        "@types/uuid": "^8.3.4",
        "axios": "^0.26.1",
        "crypto-js": "^4.1.1",
        "jest": "^27.5.1",
        "moment": "^2.29.2",
        "nanoid": "^3.3.2",
        "nanoid-dictionary": "^4.3.0",
        "process": "^0.11.10",
        "reflect-metadata": "^0.1.13",
        "slugify": "^1.6.5",
        "ts-jest": "^27.1.4",
        "typeorm": "^0.3.6",
        "uuid": "^8.3.2"
      }
    }
  }
}
