github.com/bxcodec/faker/v3 v3.6.0 h1:Meuh+M6pQJsQJwxVALq6H5wpDzkZ4pStV9pmH7gbKKs=
github.com/bxcodec/faker/v3 v3.6.0/go.mod h1:gF31YgnMSMKgkvl+fyEo1xuSMbEuieyqfeslGYFjneM=
github.com/go-errors/errors v1.4.0 h1:2OA7MFw38+e9na72T1xgkomPb6GzZzzxvJ5U630FoRM=
github.com/go-errors/errors v1.4.0/go.mod h1:sIVyrIiJhuEF+Pj9Ebtd6P/rEYROXFi3BopGUQ5a5Og=
github.com/google/uuid v1.3.0 h1:t6JiXgmwXMjEs8VusXIJk2BXHsn+wx8BZdTaoZ5fu7I=
github.com/google/uuid v1.3.0/go.mod h1:TIyPZe4MgqvfeYDBFedMoGGpEw/LqOeaOT+nhxU+yHo=
github.com/pkg/errors v0.9.1 h1:FEBLx1zS214owpjy7qsBeixbURkuhQAwrK5UwLGTwt4=
github.com/pkg/errors v0.9.1/go.mod h1:bwawxfHBFNV+L2hUp1rHADufV3IMtnDRdf1r5NINEl0=
