dependencies:
- name: postgresql
  repository: https://charts.bitnami.com/bitnami
  version: 14.0.0
- name: redis
  repository: https://charts.bitnami.com/bitnami
  version: 18.19.1
- name: clickhouse
  repository: https://charts.bitnami.com/bitnami
  version: 7.2.0
digest: sha256:d43f9eec9be3f32d681dedb7dff6c162f2a66dbacb4f25220ad24e9330d2cf96
generated: "2025-01-20T15:06:11.325059664+01:00"
