dependencies:
- name: postgresql
  repository: https://charts.bitnami.com/bitnami
  version: 15.2.5
- name: redis
  repository: https://charts.bitnami.com/bitnami
  version: 19.1.2
- name: clickhouse
  repository: https://charts.bitnami.com/bitnami
  version: 6.0.2
digest: sha256:b9209e535da86d6023fd21f346204a78c1a871a63a36e271bb0336696a1123fc
generated: "2024-04-18T21:40:49.605683+01:00"
