dependencies:
- name: ingress-nginx
  repository: https://kubernetes.github.io/ingress-nginx
  version: 3.24.0
- name: mongodb
  repository: https://charts.bitnami.com/bitnami
  version: 7.8.10
- name: redis
  repository: https://charts.bitnami.com/bitnami
  version: 10.5.11
digest: sha256:54fcc8f9094873b0473a8778c5fe47a612472ca7614f3ae7dd0f4a6f193667e7
generated: "2021-03-23T13:46:40.652609Z"
