dependencies:
- name: nginx-ingress-controller
  repository: https://charts.bitnami.com/bitnami
  version: 6.0.1
- name: mongodb
  repository: https://charts.bitnami.com/bitnami
  version: 10.23.10
- name: redis
  repository: https://charts.bitnami.com/bitnami
  version: 14.8.8
digest: sha256:0bc757fc68404b96804f67f1384737ee91386b800777c9092a810a3a1b7a225b
generated: "2021-08-13T13:58:30.133612+01:00"
