{
    "name": "common-ui",
    "version": "1.0.0",
    "lockfileVersion": 2,
    "requires": true,
    "packages": {
        "": {
            "name": "common-ui",
            "version": "1.0.0",
            "license": "ISC",
            "dependencies": {
                "@fortawesome/fontawesome-svg-core": "^6.1.0",
                "@fortawesome/free-regular-svg-icons": "^6.1.0",
                "@fortawesome/free-solid-svg-icons": "^6.1.0",
                "@fortawesome/react-fontawesome": "^0.1.18",
                "@types/react": "^17.0.43",
                "common": "file:../common",
                "prop-types": "^15.8.1",
                "react": "^17.0.2",
                "universal-cookie": "^4.0.4"
            },
            "devDependencies": {
                "@types/node": "^17.0.23"
            }
        },
        "../common": {
            "version": "1.0.0",
            "license": "ISC",
            "dependencies": {
                "axios": "^0.26.1"
            },
            "devDependencies": {
                "@types/node": "^17.0.22"
            }
        },
        "node_modules/@fortawesome/fontawesome-common-types": {
            "version": "6.1.0",
            "resolved": "https://registry.npmjs.org/@fortawesome/fontawesome-common-types/-/fontawesome-common-types-6.1.0.tgz",
            "integrity": "sha512-lFIJ5opxOKG9q88xOsuJJAdRZ+2WRldsZwUR/7MJoOMUMhF/LkHUjwWACIEPTa5Wo6uTDHvGRIX+XutdN7zYxA==",
            "hasInstallScript": true,
            "engines": {
                "node": ">=6"
            }
        },
        "node_modules/@fortawesome/fontawesome-svg-core": {
            "version": "6.1.0",
            "resolved": "https://registry.npmjs.org/@fortawesome/fontawesome-svg-core/-/fontawesome-svg-core-6.1.0.tgz",
            "integrity": "sha512-racj+/EDnMZN0jcuHePOa+9kdHHOCpCAbBvVRnEi4G4DA5SWQiT/uXJ8WcfVEbLN51vPJjhukP4o+zH0cfYplg==",
            "hasInstallScript": true,
            "dependencies": {
                "@fortawesome/fontawesome-common-types": "6.1.0"
            },
            "engines": {
                "node": ">=6"
            }
        },
        "node_modules/@fortawesome/free-regular-svg-icons": {
            "version": "6.1.0",
            "resolved": "https://registry.npmjs.org/@fortawesome/free-regular-svg-icons/-/free-regular-svg-icons-6.1.0.tgz",
            "integrity": "sha512-MLSBZ3AprHZXVG6zVg9Jd/mGZrlX/1jxqQsHhvZuhdRdL9bZQyXHe5RmP0n4IOth/fdnoj3fs+EnbW/O+0K4dw==",
            "hasInstallScript": true,
            "dependencies": {
                "@fortawesome/fontawesome-common-types": "6.1.0"
            },
            "engines": {
                "node": ">=6"
            }
        },
        "node_modules/@fortawesome/free-solid-svg-icons": {
            "version": "6.1.0",
            "resolved": "https://registry.npmjs.org/@fortawesome/free-solid-svg-icons/-/free-solid-svg-icons-6.1.0.tgz",
            "integrity": "sha512-OOr0jRHl5d41RzBS3sZh5Z3HmdPjMr43PxxKlYeLtQxFSixPf4sJFVM12/rTepB2m0rVShI0vtjHQmzOTlBaXg==",
            "hasInstallScript": true,
            "dependencies": {
                "@fortawesome/fontawesome-common-types": "6.1.0"
            },
            "engines": {
                "node": ">=6"
            }
        },
        "node_modules/@fortawesome/react-fontawesome": {
            "version": "0.1.18",
            "resolved": "https://registry.npmjs.org/@fortawesome/react-fontawesome/-/react-fontawesome-0.1.18.tgz",
            "integrity": "sha512-RwLIB4TZw0M9gvy5u+TusAA0afbwM4JQIimNH/j3ygd6aIvYPQLqXMhC9ErY26J23rDPyDZldIfPq/HpTTJ/tQ==",
            "dependencies": {
                "prop-types": "^15.8.1"
            },
            "peerDependencies": {
                "@fortawesome/fontawesome-svg-core": "~1 || ~6",
                "react": ">=16.x"
            }
        },
        "node_modules/@types/cookie": {
            "version": "0.3.3",
            "resolved": "https://registry.npmjs.org/@types/cookie/-/cookie-0.3.3.tgz",
            "integrity": "sha512-LKVP3cgXBT9RYj+t+9FDKwS5tdI+rPBXaNSkma7hvqy35lc7mAokC2zsqWJH0LaqIt3B962nuYI77hsJoT1gow=="
        },
        "node_modules/@types/node": {
            "version": "17.0.23",
            "resolved": "https://registry.npmjs.org/@types/node/-/node-17.0.23.tgz",
            "integrity": "sha512-UxDxWn7dl97rKVeVS61vErvw086aCYhDLyvRQZ5Rk65rZKepaFdm53GeqXaKBuOhED4e9uWq34IC3TdSdJJ2Gw==",
            "dev": true
        },
        "node_modules/@types/prop-types": {
            "version": "15.7.4",
            "resolved": "https://registry.npmjs.org/@types/prop-types/-/prop-types-15.7.4.tgz",
            "integrity": "sha512-rZ5drC/jWjrArrS8BR6SIr4cWpW09RNTYt9AMZo3Jwwif+iacXAqgVjm0B0Bv/S1jhDXKHqRVNCbACkJ89RAnQ=="
        },
        "node_modules/@types/react": {
            "version": "17.0.43",
            "resolved": "https://registry.npmjs.org/@types/react/-/react-17.0.43.tgz",
            "integrity": "sha512-8Q+LNpdxf057brvPu1lMtC5Vn7J119xrP1aq4qiaefNioQUYANF/CYeK4NsKorSZyUGJ66g0IM+4bbjwx45o2A==",
            "dependencies": {
                "@types/prop-types": "*",
                "@types/scheduler": "*",
                "csstype": "^3.0.2"
            }
        },
        "node_modules/@types/scheduler": {
            "version": "0.16.2",
            "resolved": "https://registry.npmjs.org/@types/scheduler/-/scheduler-0.16.2.tgz",
            "integrity": "sha512-hppQEBDmlwhFAXKJX2KnWLYu5yMfi91yazPb2l+lbJiwW+wdo1gNeRA+3RgNSO39WYX2euey41KEwnqesU2Jew=="
        },
        "node_modules/common": {
            "resolved": "../common",
            "link": true
        },
        "node_modules/cookie": {
            "version": "0.4.2",
            "resolved": "https://registry.npmjs.org/cookie/-/cookie-0.4.2.tgz",
            "integrity": "sha512-aSWTXFzaKWkvHO1Ny/s+ePFpvKsPnjc551iI41v3ny/ow6tBG5Vd+FuqGNhh1LxOmVzOlGUriIlOaokOvhaStA==",
            "engines": {
                "node": ">= 0.6"
            }
        },
        "node_modules/csstype": {
            "version": "3.0.11",
            "resolved": "https://registry.npmjs.org/csstype/-/csstype-3.0.11.tgz",
            "integrity": "sha512-sa6P2wJ+CAbgyy4KFssIb/JNMLxFvKF1pCYCSXS8ZMuqZnMsrxqI2E5sPyoTpxoPU/gVZMzr2zjOfg8GIZOMsw=="
        },
        "node_modules/js-tokens": {
            "version": "4.0.0",
            "resolved": "https://registry.npmjs.org/js-tokens/-/js-tokens-4.0.0.tgz",
            "integrity": "sha512-RdJUflcE3cUzKiMqQgsCu06FPu9UdIJO0beYbPhHN4k6apgJtifcoCtT9bcxOpYBtpD2kCM6Sbzg4CausW/PKQ=="
        },
        "node_modules/loose-envify": {
            "version": "1.4.0",
            "resolved": "https://registry.npmjs.org/loose-envify/-/loose-envify-1.4.0.tgz",
            "integrity": "sha512-lyuxPGr/Wfhrlem2CL/UcnUc1zcqKAImBDzukY7Y5F/yQiNdko6+fRLevlw1HgMySw7f611UIY408EtxRSoK3Q==",
            "dependencies": {
                "js-tokens": "^3.0.0 || ^4.0.0"
            },
            "bin": {
                "loose-envify": "cli.js"
            }
        },
        "node_modules/object-assign": {
            "version": "4.1.1",
            "resolved": "https://registry.npmjs.org/object-assign/-/object-assign-4.1.1.tgz",
            "integrity": "sha1-IQmtx5ZYh8/AXLvUQsrIv7s2CGM=",
            "engines": {
                "node": ">=0.10.0"
            }
        },
        "node_modules/prop-types": {
            "version": "15.8.1",
            "resolved": "https://registry.npmjs.org/prop-types/-/prop-types-15.8.1.tgz",
            "integrity": "sha512-oj87CgZICdulUohogVAR7AjlC0327U4el4L6eAvOqCeudMDVU0NThNaV+b9Df4dXgSP1gXMTnPdhfe/2qDH5cg==",
            "dependencies": {
                "loose-envify": "^1.4.0",
                "object-assign": "^4.1.1",
                "react-is": "^16.13.1"
            }
        },
        "node_modules/react": {
            "version": "17.0.2",
            "resolved": "https://registry.npmjs.org/react/-/react-17.0.2.tgz",
            "integrity": "sha512-gnhPt75i/dq/z3/6q/0asP78D0u592D5L1pd7M8P+dck6Fu/jJeL6iVVK23fptSUZj8Vjf++7wXA8UNclGQcbA==",
            "dependencies": {
                "loose-envify": "^1.1.0",
                "object-assign": "^4.1.1"
            },
            "engines": {
                "node": ">=0.10.0"
            }
        },
        "node_modules/react-is": {
            "version": "16.13.1",
            "resolved": "https://registry.npmjs.org/react-is/-/react-is-16.13.1.tgz",
            "integrity": "sha512-24e6ynE2H+OKt4kqsOvNd8kBpV65zoxbA4BVsEOB3ARVWQki/DHzaUoC5KuON/BiccDaCCTZBuOcfZs70kR8bQ=="
        },
        "node_modules/universal-cookie": {
            "version": "4.0.4",
            "resolved": "https://registry.npmjs.org/universal-cookie/-/universal-cookie-4.0.4.tgz",
            "integrity": "sha512-lbRVHoOMtItjWbM7TwDLdl8wug7izB0tq3/YVKhT/ahB4VDvWMyvnADfnJI8y6fSvsjh51Ix7lTGC6Tn4rMPhw==",
            "dependencies": {
                "@types/cookie": "^0.3.3",
                "cookie": "^0.4.0"
            }
        }
    },
    "dependencies": {
        "@fortawesome/fontawesome-common-types": {
            "version": "6.1.0",
            "resolved": "https://registry.npmjs.org/@fortawesome/fontawesome-common-types/-/fontawesome-common-types-6.1.0.tgz",
            "integrity": "sha512-lFIJ5opxOKG9q88xOsuJJAdRZ+2WRldsZwUR/7MJoOMUMhF/LkHUjwWACIEPTa5Wo6uTDHvGRIX+XutdN7zYxA=="
        },
        "@fortawesome/fontawesome-svg-core": {
            "version": "6.1.0",
            "resolved": "https://registry.npmjs.org/@fortawesome/fontawesome-svg-core/-/fontawesome-svg-core-6.1.0.tgz",
            "integrity": "sha512-racj+/EDnMZN0jcuHePOa+9kdHHOCpCAbBvVRnEi4G4DA5SWQiT/uXJ8WcfVEbLN51vPJjhukP4o+zH0cfYplg==",
            "requires": {
                "@fortawesome/fontawesome-common-types": "6.1.0"
            }
        },
        "@fortawesome/free-regular-svg-icons": {
            "version": "6.1.0",
            "resolved": "https://registry.npmjs.org/@fortawesome/free-regular-svg-icons/-/free-regular-svg-icons-6.1.0.tgz",
            "integrity": "sha512-MLSBZ3AprHZXVG6zVg9Jd/mGZrlX/1jxqQsHhvZuhdRdL9bZQyXHe5RmP0n4IOth/fdnoj3fs+EnbW/O+0K4dw==",
            "requires": {
                "@fortawesome/fontawesome-common-types": "6.1.0"
            }
        },
        "@fortawesome/free-solid-svg-icons": {
            "version": "6.1.0",
            "resolved": "https://registry.npmjs.org/@fortawesome/free-solid-svg-icons/-/free-solid-svg-icons-6.1.0.tgz",
            "integrity": "sha512-OOr0jRHl5d41RzBS3sZh5Z3HmdPjMr43PxxKlYeLtQxFSixPf4sJFVM12/rTepB2m0rVShI0vtjHQmzOTlBaXg==",
            "requires": {
                "@fortawesome/fontawesome-common-types": "6.1.0"
            }
        },
        "@fortawesome/react-fontawesome": {
            "version": "0.1.18",
            "resolved": "https://registry.npmjs.org/@fortawesome/react-fontawesome/-/react-fontawesome-0.1.18.tgz",
            "integrity": "sha512-RwLIB4TZw0M9gvy5u+TusAA0afbwM4JQIimNH/j3ygd6aIvYPQLqXMhC9ErY26J23rDPyDZldIfPq/HpTTJ/tQ==",
            "requires": {
                "prop-types": "^15.8.1"
            }
        },
        "@types/cookie": {
            "version": "0.3.3",
            "resolved": "https://registry.npmjs.org/@types/cookie/-/cookie-0.3.3.tgz",
            "integrity": "sha512-LKVP3cgXBT9RYj+t+9FDKwS5tdI+rPBXaNSkma7hvqy35lc7mAokC2zsqWJH0LaqIt3B962nuYI77hsJoT1gow=="
        },
        "@types/node": {
            "version": "17.0.23",
            "resolved": "https://registry.npmjs.org/@types/node/-/node-17.0.23.tgz",
            "integrity": "sha512-UxDxWn7dl97rKVeVS61vErvw086aCYhDLyvRQZ5Rk65rZKepaFdm53GeqXaKBuOhED4e9uWq34IC3TdSdJJ2Gw==",
            "dev": true
        },
        "@types/prop-types": {
            "version": "15.7.4",
            "resolved": "https://registry.npmjs.org/@types/prop-types/-/prop-types-15.7.4.tgz",
            "integrity": "sha512-rZ5drC/jWjrArrS8BR6SIr4cWpW09RNTYt9AMZo3Jwwif+iacXAqgVjm0B0Bv/S1jhDXKHqRVNCbACkJ89RAnQ=="
        },
        "@types/react": {
            "version": "17.0.43",
            "resolved": "https://registry.npmjs.org/@types/react/-/react-17.0.43.tgz",
            "integrity": "sha512-8Q+LNpdxf057brvPu1lMtC5Vn7J119xrP1aq4qiaefNioQUYANF/CYeK4NsKorSZyUGJ66g0IM+4bbjwx45o2A==",
            "requires": {
                "@types/prop-types": "*",
                "@types/scheduler": "*",
                "csstype": "^3.0.2"
            }
        },
        "@types/scheduler": {
            "version": "0.16.2",
            "resolved": "https://registry.npmjs.org/@types/scheduler/-/scheduler-0.16.2.tgz",
            "integrity": "sha512-hppQEBDmlwhFAXKJX2KnWLYu5yMfi91yazPb2l+lbJiwW+wdo1gNeRA+3RgNSO39WYX2euey41KEwnqesU2Jew=="
        },
        "common": {
            "version": "file:../common",
            "requires": {
                "@types/node": "^17.0.22",
                "axios": "^0.26.1"
            }
        },
        "cookie": {
            "version": "0.4.2",
            "resolved": "https://registry.npmjs.org/cookie/-/cookie-0.4.2.tgz",
            "integrity": "sha512-aSWTXFzaKWkvHO1Ny/s+ePFpvKsPnjc551iI41v3ny/ow6tBG5Vd+FuqGNhh1LxOmVzOlGUriIlOaokOvhaStA=="
        },
        "csstype": {
            "version": "3.0.11",
            "resolved": "https://registry.npmjs.org/csstype/-/csstype-3.0.11.tgz",
            "integrity": "sha512-sa6P2wJ+CAbgyy4KFssIb/JNMLxFvKF1pCYCSXS8ZMuqZnMsrxqI2E5sPyoTpxoPU/gVZMzr2zjOfg8GIZOMsw=="
        },
        "js-tokens": {
            "version": "4.0.0",
            "resolved": "https://registry.npmjs.org/js-tokens/-/js-tokens-4.0.0.tgz",
            "integrity": "sha512-RdJUflcE3cUzKiMqQgsCu06FPu9UdIJO0beYbPhHN4k6apgJtifcoCtT9bcxOpYBtpD2kCM6Sbzg4CausW/PKQ=="
        },
        "loose-envify": {
            "version": "1.4.0",
            "resolved": "https://registry.npmjs.org/loose-envify/-/loose-envify-1.4.0.tgz",
            "integrity": "sha512-lyuxPGr/Wfhrlem2CL/UcnUc1zcqKAImBDzukY7Y5F/yQiNdko6+fRLevlw1HgMySw7f611UIY408EtxRSoK3Q==",
            "requires": {
                "js-tokens": "^3.0.0 || ^4.0.0"
            }
        },
        "object-assign": {
            "version": "4.1.1",
            "resolved": "https://registry.npmjs.org/object-assign/-/object-assign-4.1.1.tgz",
            "integrity": "sha1-IQmtx5ZYh8/AXLvUQsrIv7s2CGM="
        },
        "prop-types": {
            "version": "15.8.1",
            "resolved": "https://registry.npmjs.org/prop-types/-/prop-types-15.8.1.tgz",
            "integrity": "sha512-oj87CgZICdulUohogVAR7AjlC0327U4el4L6eAvOqCeudMDVU0NThNaV+b9Df4dXgSP1gXMTnPdhfe/2qDH5cg==",
            "requires": {
                "loose-envify": "^1.4.0",
                "object-assign": "^4.1.1",
                "react-is": "^16.13.1"
            }
        },
        "react": {
            "version": "17.0.2",
            "resolved": "https://registry.npmjs.org/react/-/react-17.0.2.tgz",
            "integrity": "sha512-gnhPt75i/dq/z3/6q/0asP78D0u592D5L1pd7M8P+dck6Fu/jJeL6iVVK23fptSUZj8Vjf++7wXA8UNclGQcbA==",
            "requires": {
                "loose-envify": "^1.1.0",
                "object-assign": "^4.1.1"
            }
        },
        "react-is": {
            "version": "16.13.1",
            "resolved": "https://registry.npmjs.org/react-is/-/react-is-16.13.1.tgz",
            "integrity": "sha512-24e6ynE2H+OKt4kqsOvNd8kBpV65zoxbA4BVsEOB3ARVWQki/DHzaUoC5KuON/BiccDaCCTZBuOcfZs70kR8bQ=="
        },
        "universal-cookie": {
            "version": "4.0.4",
            "resolved": "https://registry.npmjs.org/universal-cookie/-/universal-cookie-4.0.4.tgz",
            "integrity": "sha512-lbRVHoOMtItjWbM7TwDLdl8wug7izB0tq3/YVKhT/ahB4VDvWMyvnADfnJI8y6fSvsjh51Ix7lTGC6Tn4rMPhw==",
            "requires": {
                "@types/cookie": "^0.3.3",
                "cookie": "^0.4.0"
            }
        }
    }
}
