{
    "name": "common-ui",
    "version": "1.0.0",
    "lockfileVersion": 2,
    "requires": true,
    "packages": {
        "": {
            "name": "common-ui",
            "version": "1.0.0",
            "license": "MIT",
            "dependencies": {
                "@fortawesome/fontawesome-svg-core": "^6.1.0",
                "@fortawesome/free-regular-svg-icons": "^6.1.0",
                "@fortawesome/free-solid-svg-icons": "^6.1.0",
                "@fortawesome/react-fontawesome": "^0.1.18",
                "@types/react": "^18.0.9",
                "Common": "file:../Common",
                "formik": "^2.2.9",
                "prop-types": "^15.8.1",
                "react": "^18.1.0",
                "react-router": "^6.2.2",
                "redux": "^4.2.0",
                "universal-cookie": "^4.0.4",
                "web-vitals": "^2.1.4",
                "yup": "^0.32.11"
            },
            "devDependencies": {
                "@types/node": "^17.0.23"
            }
        },
        "../common": {
            "version": "1.0.0",
            "extraneous": true,
            "license": "MIT",
            "dependencies": {
                "@types/nanoid-dictionary": "^4.2.0",
                "@types/uuid": "^8.3.4",
                "axios": "^0.26.1",
                "moment": "^2.29.2",
                "nanoid": "^3.3.2",
                "nanoid-dictionary": "^4.3.0",
                "slugify": "^1.6.5",
                "uuid": "^8.3.2"
            },
            "devDependencies": {
                "@types/node": "^17.0.22"
            }
        },
        "../Common": {
            "name": "common",
            "version": "1.0.0",
            "license": "MIT",
            "dependencies": {
                "@types/nanoid-dictionary": "^4.2.0",
                "@types/uuid": "^8.3.4",
                "axios": "^0.26.1",
                "moment": "^2.29.2",
                "nanoid": "^3.3.2",
                "nanoid-dictionary": "^4.3.0",
                "slugify": "^1.6.5",
                "typeorm": "^0.3.6",
                "uuid": "^8.3.2"
            },
            "devDependencies": {
                "@faker-js/faker": "^6.3.1",
                "@types/jest": "^27.4.1",
                "@types/node": "^17.0.22",
                "jest": "^27.5.1",
                "ts-jest": "^27.1.4"
            }
        },
        "node_modules/@babel/runtime": {
            "version": "7.17.8",
            "resolved": "https://registry.npmjs.org/@babel/runtime/-/runtime-7.17.8.tgz",
            "integrity": "sha512-dQpEpK0O9o6lj6oPu0gRDbbnk+4LeHlNcBpspf6Olzt3GIX4P1lWF1gS+pHLDFlaJvbR6q7jCfQ08zA4QJBnmA==",
            "dependencies": {
                "regenerator-runtime": "^0.13.4"
            },
            "engines": {
                "node": ">=6.9.0"
            }
        },
        "node_modules/@fortawesome/fontawesome-common-types": {
            "version": "6.1.0",
            "resolved": "https://registry.npmjs.org/@fortawesome/fontawesome-common-types/-/fontawesome-common-types-6.1.0.tgz",
            "integrity": "sha512-lFIJ5opxOKG9q88xOsuJJAdRZ+2WRldsZwUR/7MJoOMUMhF/LkHUjwWACIEPTa5Wo6uTDHvGRIX+XutdN7zYxA==",
            "hasInstallScript": true,
            "engines": {
                "node": ">=6"
            }
        },
        "node_modules/@fortawesome/fontawesome-svg-core": {
            "version": "6.1.0",
            "resolved": "https://registry.npmjs.org/@fortawesome/fontawesome-svg-core/-/fontawesome-svg-core-6.1.0.tgz",
            "integrity": "sha512-racj+/EDnMZN0jcuHePOa+9kdHHOCpCAbBvVRnEi4G4DA5SWQiT/uXJ8WcfVEbLN51vPJjhukP4o+zH0cfYplg==",
            "hasInstallScript": true,
            "dependencies": {
                "@fortawesome/fontawesome-common-types": "6.1.0"
            },
            "engines": {
                "node": ">=6"
            }
        },
        "node_modules/@fortawesome/free-regular-svg-icons": {
            "version": "6.1.0",
            "resolved": "https://registry.npmjs.org/@fortawesome/free-regular-svg-icons/-/free-regular-svg-icons-6.1.0.tgz",
            "integrity": "sha512-MLSBZ3AprHZXVG6zVg9Jd/mGZrlX/1jxqQsHhvZuhdRdL9bZQyXHe5RmP0n4IOth/fdnoj3fs+EnbW/O+0K4dw==",
            "hasInstallScript": true,
            "dependencies": {
                "@fortawesome/fontawesome-common-types": "6.1.0"
            },
            "engines": {
                "node": ">=6"
            }
        },
        "node_modules/@fortawesome/free-solid-svg-icons": {
            "version": "6.1.0",
            "resolved": "https://registry.npmjs.org/@fortawesome/free-solid-svg-icons/-/free-solid-svg-icons-6.1.0.tgz",
            "integrity": "sha512-OOr0jRHl5d41RzBS3sZh5Z3HmdPjMr43PxxKlYeLtQxFSixPf4sJFVM12/rTepB2m0rVShI0vtjHQmzOTlBaXg==",
            "hasInstallScript": true,
            "dependencies": {
                "@fortawesome/fontawesome-common-types": "6.1.0"
            },
            "engines": {
                "node": ">=6"
            }
        },
        "node_modules/@fortawesome/react-fontawesome": {
            "version": "0.1.18",
            "resolved": "https://registry.npmjs.org/@fortawesome/react-fontawesome/-/react-fontawesome-0.1.18.tgz",
            "integrity": "sha512-RwLIB4TZw0M9gvy5u+TusAA0afbwM4JQIimNH/j3ygd6aIvYPQLqXMhC9ErY26J23rDPyDZldIfPq/HpTTJ/tQ==",
            "dependencies": {
                "prop-types": "^15.8.1"
            },
            "peerDependencies": {
                "@fortawesome/fontawesome-svg-core": "~1 || ~6",
                "react": ">=16.x"
            }
        },
        "node_modules/@types/cookie": {
            "version": "0.3.3",
            "resolved": "https://registry.npmjs.org/@types/cookie/-/cookie-0.3.3.tgz",
            "integrity": "sha512-LKVP3cgXBT9RYj+t+9FDKwS5tdI+rPBXaNSkma7hvqy35lc7mAokC2zsqWJH0LaqIt3B962nuYI77hsJoT1gow=="
        },
        "node_modules/@types/lodash": {
            "version": "4.14.182",
            "resolved": "https://registry.npmjs.org/@types/lodash/-/lodash-4.14.182.tgz",
            "integrity": "sha512-/THyiqyQAP9AfARo4pF+aCGcyiQ94tX/Is2I7HofNRqoYLgN1PBoOWu2/zTA5zMxzP5EFutMtWtGAFRKUe961Q=="
        },
        "node_modules/@types/node": {
            "version": "17.0.23",
            "resolved": "https://registry.npmjs.org/@types/node/-/node-17.0.23.tgz",
            "integrity": "sha512-UxDxWn7dl97rKVeVS61vErvw086aCYhDLyvRQZ5Rk65rZKepaFdm53GeqXaKBuOhED4e9uWq34IC3TdSdJJ2Gw==",
            "dev": true
        },
        "node_modules/@types/prop-types": {
            "version": "15.7.4",
            "resolved": "https://registry.npmjs.org/@types/prop-types/-/prop-types-15.7.4.tgz",
            "integrity": "sha512-rZ5drC/jWjrArrS8BR6SIr4cWpW09RNTYt9AMZo3Jwwif+iacXAqgVjm0B0Bv/S1jhDXKHqRVNCbACkJ89RAnQ=="
        },
        "node_modules/@types/react": {
            "version": "18.0.9",
            "resolved": "https://registry.npmjs.org/@types/react/-/react-18.0.9.tgz",
            "integrity": "sha512-9bjbg1hJHUm4De19L1cHiW0Jvx3geel6Qczhjd0qY5VKVE2X5+x77YxAepuCwVh4vrgZJdgEJw48zrhRIeF4Nw==",
            "dependencies": {
                "@types/prop-types": "*",
                "@types/scheduler": "*",
                "csstype": "^3.0.2"
            }
        },
        "node_modules/@types/scheduler": {
            "version": "0.16.2",
            "resolved": "https://registry.npmjs.org/@types/scheduler/-/scheduler-0.16.2.tgz",
            "integrity": "sha512-hppQEBDmlwhFAXKJX2KnWLYu5yMfi91yazPb2l+lbJiwW+wdo1gNeRA+3RgNSO39WYX2euey41KEwnqesU2Jew=="
        },
        "node_modules/Common": {
            "resolved": "../Common",
            "link": true
        },
        "node_modules/cookie": {
            "version": "0.4.2",
            "resolved": "https://registry.npmjs.org/cookie/-/cookie-0.4.2.tgz",
            "integrity": "sha512-aSWTXFzaKWkvHO1Ny/s+ePFpvKsPnjc551iI41v3ny/ow6tBG5Vd+FuqGNhh1LxOmVzOlGUriIlOaokOvhaStA==",
            "engines": {
                "node": ">= 0.6"
            }
        },
        "node_modules/csstype": {
            "version": "3.0.11",
            "resolved": "https://registry.npmjs.org/csstype/-/csstype-3.0.11.tgz",
            "integrity": "sha512-sa6P2wJ+CAbgyy4KFssIb/JNMLxFvKF1pCYCSXS8ZMuqZnMsrxqI2E5sPyoTpxoPU/gVZMzr2zjOfg8GIZOMsw=="
        },
        "node_modules/deepmerge": {
            "version": "2.2.1",
            "resolved": "https://registry.npmjs.org/deepmerge/-/deepmerge-2.2.1.tgz",
            "integrity": "sha512-R9hc1Xa/NOBi9WRVUWg19rl1UB7Tt4kuPd+thNJgFZoxXsTz7ncaPaeIm+40oSGuP33DfMb4sZt1QIGiJzC4EA==",
            "engines": {
                "node": ">=0.10.0"
            }
        },
        "node_modules/formik": {
            "version": "2.2.9",
            "resolved": "https://registry.npmjs.org/formik/-/formik-2.2.9.tgz",
            "integrity": "sha512-LQLcISMmf1r5at4/gyJigGn0gOwFbeEAlji+N9InZF6LIMXnFNkO42sCI8Jt84YZggpD4cPWObAZaxpEFtSzNA==",
            "funding": [
                {
                    "type": "individual",
                    "url": "https://opencollective.com/formik"
                }
            ],
            "dependencies": {
                "deepmerge": "^2.1.1",
                "hoist-non-react-statics": "^3.3.0",
                "lodash": "^4.17.21",
                "lodash-es": "^4.17.21",
                "react-fast-compare": "^2.0.1",
                "tiny-warning": "^1.0.2",
                "tslib": "^1.10.0"
            },
            "peerDependencies": {
                "react": ">=16.8.0"
            }
        },
        "node_modules/history": {
            "version": "5.3.0",
            "resolved": "https://registry.npmjs.org/history/-/history-5.3.0.tgz",
            "integrity": "sha512-ZqaKwjjrAYUYfLG+htGaIIZ4nioX2L70ZUMIFysS3xvBsSG4x/n1V6TXV3N8ZYNuFGlDirFg32T7B6WOUPDYcQ==",
            "dependencies": {
                "@babel/runtime": "^7.7.6"
            }
        },
        "node_modules/hoist-non-react-statics": {
            "version": "3.3.2",
            "resolved": "https://registry.npmjs.org/hoist-non-react-statics/-/hoist-non-react-statics-3.3.2.tgz",
            "integrity": "sha512-/gGivxi8JPKWNm/W0jSmzcMPpfpPLc3dY/6GxhX2hQ9iGj3aDfklV4ET7NjKpSinLpJ5vafa9iiGIEZg10SfBw==",
            "dependencies": {
                "react-is": "^16.7.0"
            }
        },
        "node_modules/js-tokens": {
            "version": "4.0.0",
            "resolved": "https://registry.npmjs.org/js-tokens/-/js-tokens-4.0.0.tgz",
            "integrity": "sha512-RdJUflcE3cUzKiMqQgsCu06FPu9UdIJO0beYbPhHN4k6apgJtifcoCtT9bcxOpYBtpD2kCM6Sbzg4CausW/PKQ=="
        },
        "node_modules/lodash": {
            "version": "4.17.21",
            "resolved": "https://registry.npmjs.org/lodash/-/lodash-4.17.21.tgz",
            "integrity": "sha512-v2kDEe57lecTulaDIuNTPy3Ry4gLGJ6Z1O3vE1krgXZNrsQ+LFTGHVxVjcXPs17LhbZVGedAJv8XZ1tvj5FvSg=="
        },
        "node_modules/lodash-es": {
            "version": "4.17.21",
            "resolved": "https://registry.npmjs.org/lodash-es/-/lodash-es-4.17.21.tgz",
            "integrity": "sha512-mKnC+QJ9pWVzv+C4/U3rRsHapFfHvQFoFB92e52xeyGMcX6/OlIl78je1u8vePzYZSkkogMPJ2yjxxsb89cxyw=="
        },
        "node_modules/loose-envify": {
            "version": "1.4.0",
            "resolved": "https://registry.npmjs.org/loose-envify/-/loose-envify-1.4.0.tgz",
            "integrity": "sha512-lyuxPGr/Wfhrlem2CL/UcnUc1zcqKAImBDzukY7Y5F/yQiNdko6+fRLevlw1HgMySw7f611UIY408EtxRSoK3Q==",
            "dependencies": {
                "js-tokens": "^3.0.0 || ^4.0.0"
            },
            "bin": {
                "loose-envify": "cli.js"
            }
        },
        "node_modules/nanoclone": {
            "version": "0.2.1",
            "resolved": "https://registry.npmjs.org/nanoclone/-/nanoclone-0.2.1.tgz",
            "integrity": "sha512-wynEP02LmIbLpcYw8uBKpcfF6dmg2vcpKqxeH5UcoKEYdExslsdUA4ugFauuaeYdTB76ez6gJW8XAZ6CgkXYxA=="
        },
        "node_modules/object-assign": {
            "version": "4.1.1",
            "resolved": "https://registry.npmjs.org/object-assign/-/object-assign-4.1.1.tgz",
            "integrity": "sha1-IQmtx5ZYh8/AXLvUQsrIv7s2CGM=",
            "engines": {
                "node": ">=0.10.0"
            }
        },
        "node_modules/prop-types": {
            "version": "15.8.1",
            "resolved": "https://registry.npmjs.org/prop-types/-/prop-types-15.8.1.tgz",
            "integrity": "sha512-oj87CgZICdulUohogVAR7AjlC0327U4el4L6eAvOqCeudMDVU0NThNaV+b9Df4dXgSP1gXMTnPdhfe/2qDH5cg==",
            "dependencies": {
                "loose-envify": "^1.4.0",
                "object-assign": "^4.1.1",
                "react-is": "^16.13.1"
            }
        },
        "node_modules/property-expr": {
            "version": "2.0.5",
            "resolved": "https://registry.npmjs.org/property-expr/-/property-expr-2.0.5.tgz",
            "integrity": "sha512-IJUkICM5dP5znhCckHSv30Q4b5/JA5enCtkRHYaOVOAocnH/1BQEYTC5NMfT3AVl/iXKdr3aqQbQn9DxyWknwA=="
        },
        "node_modules/react": {
            "version": "18.1.0",
            "resolved": "https://registry.npmjs.org/react/-/react-18.1.0.tgz",
            "integrity": "sha512-4oL8ivCz5ZEPyclFQXaNksK3adutVS8l2xzZU0cqEFrE9Sb7fC0EFK5uEk74wIreL1DERyjvsU915j1pcT2uEQ==",
            "dependencies": {
                "loose-envify": "^1.1.0"
            },
            "engines": {
                "node": ">=0.10.0"
            }
        },
        "node_modules/react-fast-compare": {
            "version": "2.0.4",
            "resolved": "https://registry.npmjs.org/react-fast-compare/-/react-fast-compare-2.0.4.tgz",
            "integrity": "sha512-suNP+J1VU1MWFKcyt7RtjiSWUjvidmQSlqu+eHslq+342xCbGTYmC0mEhPCOHxlW0CywylOC1u2DFAT+bv4dBw=="
        },
        "node_modules/react-is": {
            "version": "16.13.1",
            "resolved": "https://registry.npmjs.org/react-is/-/react-is-16.13.1.tgz",
            "integrity": "sha512-24e6ynE2H+OKt4kqsOvNd8kBpV65zoxbA4BVsEOB3ARVWQki/DHzaUoC5KuON/BiccDaCCTZBuOcfZs70kR8bQ=="
        },
        "node_modules/react-router": {
            "version": "6.2.2",
            "resolved": "https://registry.npmjs.org/react-router/-/react-router-6.2.2.tgz",
            "integrity": "sha512-/MbxyLzd7Q7amp4gDOGaYvXwhEojkJD5BtExkuKmj39VEE0m3l/zipf6h2WIB2jyAO0lI6NGETh4RDcktRm4AQ==",
            "dependencies": {
                "history": "^5.2.0"
            },
            "peerDependencies": {
                "react": ">=16.8"
            }
        },
        "node_modules/redux": {
            "version": "4.2.0",
            "resolved": "https://registry.npmjs.org/redux/-/redux-4.2.0.tgz",
            "integrity": "sha512-oSBmcKKIuIR4ME29/AeNUnl5L+hvBq7OaJWzaptTQJAntaPvxIJqfnjbaEiCzzaIz+XmVILfqAM3Ob0aXLPfjA==",
            "dependencies": {
                "@babel/runtime": "^7.9.2"
            }
        },
        "node_modules/regenerator-runtime": {
            "version": "0.13.9",
            "resolved": "https://registry.npmjs.org/regenerator-runtime/-/regenerator-runtime-0.13.9.tgz",
            "integrity": "sha512-p3VT+cOEgxFsRRA9X4lkI1E+k2/CtnKtU4gcxyaCUreilL/vqI6CdZ3wxVUx3UOUg+gnUOQQcRI7BmSI656MYA=="
        },
        "node_modules/tiny-warning": {
            "version": "1.0.3",
            "resolved": "https://registry.npmjs.org/tiny-warning/-/tiny-warning-1.0.3.tgz",
            "integrity": "sha512-lBN9zLN/oAf68o3zNXYrdCt1kP8WsiGW8Oo2ka41b2IM5JL/S1CTyX1rW0mb/zSuJun0ZUrDxx4sqvYS2FWzPA=="
        },
        "node_modules/toposort": {
            "version": "2.0.2",
            "resolved": "https://registry.npmjs.org/toposort/-/toposort-2.0.2.tgz",
            "integrity": "sha1-riF2gXXRVZ1IvvNUILL0li8JwzA="
        },
        "node_modules/tslib": {
            "version": "1.14.1",
            "resolved": "https://registry.npmjs.org/tslib/-/tslib-1.14.1.tgz",
            "integrity": "sha512-Xni35NKzjgMrwevysHTCArtLDpPvye8zV/0E4EyYn43P7/7qvQwPh9BGkHewbMulVntbigmcT7rdX3BNo9wRJg=="
        },
        "node_modules/universal-cookie": {
            "version": "4.0.4",
            "resolved": "https://registry.npmjs.org/universal-cookie/-/universal-cookie-4.0.4.tgz",
            "integrity": "sha512-lbRVHoOMtItjWbM7TwDLdl8wug7izB0tq3/YVKhT/ahB4VDvWMyvnADfnJI8y6fSvsjh51Ix7lTGC6Tn4rMPhw==",
            "dependencies": {
                "@types/cookie": "^0.3.3",
                "cookie": "^0.4.0"
            }
        },
        "node_modules/web-vitals": {
            "version": "2.1.4",
            "resolved": "https://registry.npmjs.org/web-vitals/-/web-vitals-2.1.4.tgz",
            "integrity": "sha512-sVWcwhU5mX6crfI5Vd2dC4qchyTqxV8URinzt25XqVh+bHEPGH4C3NPrNionCP7Obx59wrYEbNlw4Z8sjALzZg=="
        },
        "node_modules/yup": {
            "version": "0.32.11",
            "resolved": "https://registry.npmjs.org/yup/-/yup-0.32.11.tgz",
            "integrity": "sha512-Z2Fe1bn+eLstG8DRR6FTavGD+MeAwyfmouhHsIUgaADz8jvFKbO/fXc2trJKZg+5EBjh4gGm3iU/t3onKlXHIg==",
            "dependencies": {
                "@babel/runtime": "^7.15.4",
                "@types/lodash": "^4.14.175",
                "lodash": "^4.17.21",
                "lodash-es": "^4.17.21",
                "nanoclone": "^0.2.1",
                "property-expr": "^2.0.4",
                "toposort": "^2.0.2"
            },
            "engines": {
                "node": ">=10"
            }
        }
    },
    "dependencies": {
        "@babel/runtime": {
            "version": "7.17.8",
            "resolved": "https://registry.npmjs.org/@babel/runtime/-/runtime-7.17.8.tgz",
            "integrity": "sha512-dQpEpK0O9o6lj6oPu0gRDbbnk+4LeHlNcBpspf6Olzt3GIX4P1lWF1gS+pHLDFlaJvbR6q7jCfQ08zA4QJBnmA==",
            "requires": {
                "regenerator-runtime": "^0.13.4"
            }
        },
        "@fortawesome/fontawesome-common-types": {
            "version": "6.1.0",
            "resolved": "https://registry.npmjs.org/@fortawesome/fontawesome-common-types/-/fontawesome-common-types-6.1.0.tgz",
            "integrity": "sha512-lFIJ5opxOKG9q88xOsuJJAdRZ+2WRldsZwUR/7MJoOMUMhF/LkHUjwWACIEPTa5Wo6uTDHvGRIX+XutdN7zYxA=="
        },
        "@fortawesome/fontawesome-svg-core": {
            "version": "6.1.0",
            "resolved": "https://registry.npmjs.org/@fortawesome/fontawesome-svg-core/-/fontawesome-svg-core-6.1.0.tgz",
            "integrity": "sha512-racj+/EDnMZN0jcuHePOa+9kdHHOCpCAbBvVRnEi4G4DA5SWQiT/uXJ8WcfVEbLN51vPJjhukP4o+zH0cfYplg==",
            "requires": {
                "@fortawesome/fontawesome-common-types": "6.1.0"
            }
        },
        "@fortawesome/free-regular-svg-icons": {
            "version": "6.1.0",
            "resolved": "https://registry.npmjs.org/@fortawesome/free-regular-svg-icons/-/free-regular-svg-icons-6.1.0.tgz",
            "integrity": "sha512-MLSBZ3AprHZXVG6zVg9Jd/mGZrlX/1jxqQsHhvZuhdRdL9bZQyXHe5RmP0n4IOth/fdnoj3fs+EnbW/O+0K4dw==",
            "requires": {
                "@fortawesome/fontawesome-common-types": "6.1.0"
            }
        },
        "@fortawesome/free-solid-svg-icons": {
            "version": "6.1.0",
            "resolved": "https://registry.npmjs.org/@fortawesome/free-solid-svg-icons/-/free-solid-svg-icons-6.1.0.tgz",
            "integrity": "sha512-OOr0jRHl5d41RzBS3sZh5Z3HmdPjMr43PxxKlYeLtQxFSixPf4sJFVM12/rTepB2m0rVShI0vtjHQmzOTlBaXg==",
            "requires": {
                "@fortawesome/fontawesome-common-types": "6.1.0"
            }
        },
        "@fortawesome/react-fontawesome": {
            "version": "0.1.18",
            "resolved": "https://registry.npmjs.org/@fortawesome/react-fontawesome/-/react-fontawesome-0.1.18.tgz",
            "integrity": "sha512-RwLIB4TZw0M9gvy5u+TusAA0afbwM4JQIimNH/j3ygd6aIvYPQLqXMhC9ErY26J23rDPyDZldIfPq/HpTTJ/tQ==",
            "requires": {
                "prop-types": "^15.8.1"
            }
        },
        "@types/cookie": {
            "version": "0.3.3",
            "resolved": "https://registry.npmjs.org/@types/cookie/-/cookie-0.3.3.tgz",
            "integrity": "sha512-LKVP3cgXBT9RYj+t+9FDKwS5tdI+rPBXaNSkma7hvqy35lc7mAokC2zsqWJH0LaqIt3B962nuYI77hsJoT1gow=="
        },
        "@types/lodash": {
            "version": "4.14.182",
            "resolved": "https://registry.npmjs.org/@types/lodash/-/lodash-4.14.182.tgz",
            "integrity": "sha512-/THyiqyQAP9AfARo4pF+aCGcyiQ94tX/Is2I7HofNRqoYLgN1PBoOWu2/zTA5zMxzP5EFutMtWtGAFRKUe961Q=="
        },
        "@types/node": {
            "version": "17.0.23",
            "resolved": "https://registry.npmjs.org/@types/node/-/node-17.0.23.tgz",
            "integrity": "sha512-UxDxWn7dl97rKVeVS61vErvw086aCYhDLyvRQZ5Rk65rZKepaFdm53GeqXaKBuOhED4e9uWq34IC3TdSdJJ2Gw==",
            "dev": true
        },
        "@types/prop-types": {
            "version": "15.7.4",
            "resolved": "https://registry.npmjs.org/@types/prop-types/-/prop-types-15.7.4.tgz",
            "integrity": "sha512-rZ5drC/jWjrArrS8BR6SIr4cWpW09RNTYt9AMZo3Jwwif+iacXAqgVjm0B0Bv/S1jhDXKHqRVNCbACkJ89RAnQ=="
        },
        "@types/react": {
            "version": "18.0.9",
            "resolved": "https://registry.npmjs.org/@types/react/-/react-18.0.9.tgz",
            "integrity": "sha512-9bjbg1hJHUm4De19L1cHiW0Jvx3geel6Qczhjd0qY5VKVE2X5+x77YxAepuCwVh4vrgZJdgEJw48zrhRIeF4Nw==",
            "requires": {
                "@types/prop-types": "*",
                "@types/scheduler": "*",
                "csstype": "^3.0.2"
            }
        },
        "@types/scheduler": {
            "version": "0.16.2",
            "resolved": "https://registry.npmjs.org/@types/scheduler/-/scheduler-0.16.2.tgz",
            "integrity": "sha512-hppQEBDmlwhFAXKJX2KnWLYu5yMfi91yazPb2l+lbJiwW+wdo1gNeRA+3RgNSO39WYX2euey41KEwnqesU2Jew=="
        },
        "Common": {
            "version": "file:../Common",
            "requires": {
                "@faker-js/faker": "^6.3.1",
                "@types/jest": "^27.4.1",
                "@types/nanoid-dictionary": "^4.2.0",
                "@types/node": "^17.0.22",
                "@types/uuid": "^8.3.4",
                "axios": "^0.26.1",
                "jest": "^27.5.1",
                "moment": "^2.29.2",
                "nanoid": "^3.3.2",
                "nanoid-dictionary": "^4.3.0",
                "slugify": "^1.6.5",
                "ts-jest": "^27.1.4",
                "typeorm": "^0.3.6",
                "uuid": "^8.3.2"
            }
        },
        "cookie": {
            "version": "0.4.2",
            "resolved": "https://registry.npmjs.org/cookie/-/cookie-0.4.2.tgz",
            "integrity": "sha512-aSWTXFzaKWkvHO1Ny/s+ePFpvKsPnjc551iI41v3ny/ow6tBG5Vd+FuqGNhh1LxOmVzOlGUriIlOaokOvhaStA=="
        },
        "csstype": {
            "version": "3.0.11",
            "resolved": "https://registry.npmjs.org/csstype/-/csstype-3.0.11.tgz",
            "integrity": "sha512-sa6P2wJ+CAbgyy4KFssIb/JNMLxFvKF1pCYCSXS8ZMuqZnMsrxqI2E5sPyoTpxoPU/gVZMzr2zjOfg8GIZOMsw=="
        },
        "deepmerge": {
            "version": "2.2.1",
            "resolved": "https://registry.npmjs.org/deepmerge/-/deepmerge-2.2.1.tgz",
            "integrity": "sha512-R9hc1Xa/NOBi9WRVUWg19rl1UB7Tt4kuPd+thNJgFZoxXsTz7ncaPaeIm+40oSGuP33DfMb4sZt1QIGiJzC4EA=="
        },
        "formik": {
            "version": "2.2.9",
            "resolved": "https://registry.npmjs.org/formik/-/formik-2.2.9.tgz",
            "integrity": "sha512-LQLcISMmf1r5at4/gyJigGn0gOwFbeEAlji+N9InZF6LIMXnFNkO42sCI8Jt84YZggpD4cPWObAZaxpEFtSzNA==",
            "requires": {
                "deepmerge": "^2.1.1",
                "hoist-non-react-statics": "^3.3.0",
                "lodash": "^4.17.21",
                "lodash-es": "^4.17.21",
                "react-fast-compare": "^2.0.1",
                "tiny-warning": "^1.0.2",
                "tslib": "^1.10.0"
            }
        },
        "history": {
            "version": "5.3.0",
            "resolved": "https://registry.npmjs.org/history/-/history-5.3.0.tgz",
            "integrity": "sha512-ZqaKwjjrAYUYfLG+htGaIIZ4nioX2L70ZUMIFysS3xvBsSG4x/n1V6TXV3N8ZYNuFGlDirFg32T7B6WOUPDYcQ==",
            "requires": {
                "@babel/runtime": "^7.7.6"
            }
        },
        "hoist-non-react-statics": {
            "version": "3.3.2",
            "resolved": "https://registry.npmjs.org/hoist-non-react-statics/-/hoist-non-react-statics-3.3.2.tgz",
            "integrity": "sha512-/gGivxi8JPKWNm/W0jSmzcMPpfpPLc3dY/6GxhX2hQ9iGj3aDfklV4ET7NjKpSinLpJ5vafa9iiGIEZg10SfBw==",
            "requires": {
                "react-is": "^16.7.0"
            }
        },
        "js-tokens": {
            "version": "4.0.0",
            "resolved": "https://registry.npmjs.org/js-tokens/-/js-tokens-4.0.0.tgz",
            "integrity": "sha512-RdJUflcE3cUzKiMqQgsCu06FPu9UdIJO0beYbPhHN4k6apgJtifcoCtT9bcxOpYBtpD2kCM6Sbzg4CausW/PKQ=="
        },
        "lodash": {
            "version": "4.17.21",
            "resolved": "https://registry.npmjs.org/lodash/-/lodash-4.17.21.tgz",
            "integrity": "sha512-v2kDEe57lecTulaDIuNTPy3Ry4gLGJ6Z1O3vE1krgXZNrsQ+LFTGHVxVjcXPs17LhbZVGedAJv8XZ1tvj5FvSg=="
        },
        "lodash-es": {
            "version": "4.17.21",
            "resolved": "https://registry.npmjs.org/lodash-es/-/lodash-es-4.17.21.tgz",
            "integrity": "sha512-mKnC+QJ9pWVzv+C4/U3rRsHapFfHvQFoFB92e52xeyGMcX6/OlIl78je1u8vePzYZSkkogMPJ2yjxxsb89cxyw=="
        },
        "loose-envify": {
            "version": "1.4.0",
            "resolved": "https://registry.npmjs.org/loose-envify/-/loose-envify-1.4.0.tgz",
            "integrity": "sha512-lyuxPGr/Wfhrlem2CL/UcnUc1zcqKAImBDzukY7Y5F/yQiNdko6+fRLevlw1HgMySw7f611UIY408EtxRSoK3Q==",
            "requires": {
                "js-tokens": "^3.0.0 || ^4.0.0"
            }
        },
        "nanoclone": {
            "version": "0.2.1",
            "resolved": "https://registry.npmjs.org/nanoclone/-/nanoclone-0.2.1.tgz",
            "integrity": "sha512-wynEP02LmIbLpcYw8uBKpcfF6dmg2vcpKqxeH5UcoKEYdExslsdUA4ugFauuaeYdTB76ez6gJW8XAZ6CgkXYxA=="
        },
        "object-assign": {
            "version": "4.1.1",
            "resolved": "https://registry.npmjs.org/object-assign/-/object-assign-4.1.1.tgz",
            "integrity": "sha1-IQmtx5ZYh8/AXLvUQsrIv7s2CGM="
        },
        "prop-types": {
            "version": "15.8.1",
            "resolved": "https://registry.npmjs.org/prop-types/-/prop-types-15.8.1.tgz",
            "integrity": "sha512-oj87CgZICdulUohogVAR7AjlC0327U4el4L6eAvOqCeudMDVU0NThNaV+b9Df4dXgSP1gXMTnPdhfe/2qDH5cg==",
            "requires": {
                "loose-envify": "^1.4.0",
                "object-assign": "^4.1.1",
                "react-is": "^16.13.1"
            }
        },
        "property-expr": {
            "version": "2.0.5",
            "resolved": "https://registry.npmjs.org/property-expr/-/property-expr-2.0.5.tgz",
            "integrity": "sha512-IJUkICM5dP5znhCckHSv30Q4b5/JA5enCtkRHYaOVOAocnH/1BQEYTC5NMfT3AVl/iXKdr3aqQbQn9DxyWknwA=="
        },
        "react": {
            "version": "18.1.0",
            "resolved": "https://registry.npmjs.org/react/-/react-18.1.0.tgz",
            "integrity": "sha512-4oL8ivCz5ZEPyclFQXaNksK3adutVS8l2xzZU0cqEFrE9Sb7fC0EFK5uEk74wIreL1DERyjvsU915j1pcT2uEQ==",
            "requires": {
                "loose-envify": "^1.1.0"
            }
        },
        "react-fast-compare": {
            "version": "2.0.4",
            "resolved": "https://registry.npmjs.org/react-fast-compare/-/react-fast-compare-2.0.4.tgz",
            "integrity": "sha512-suNP+J1VU1MWFKcyt7RtjiSWUjvidmQSlqu+eHslq+342xCbGTYmC0mEhPCOHxlW0CywylOC1u2DFAT+bv4dBw=="
        },
        "react-is": {
            "version": "16.13.1",
            "resolved": "https://registry.npmjs.org/react-is/-/react-is-16.13.1.tgz",
            "integrity": "sha512-24e6ynE2H+OKt4kqsOvNd8kBpV65zoxbA4BVsEOB3ARVWQki/DHzaUoC5KuON/BiccDaCCTZBuOcfZs70kR8bQ=="
        },
        "react-router": {
            "version": "6.2.2",
            "resolved": "https://registry.npmjs.org/react-router/-/react-router-6.2.2.tgz",
            "integrity": "sha512-/MbxyLzd7Q7amp4gDOGaYvXwhEojkJD5BtExkuKmj39VEE0m3l/zipf6h2WIB2jyAO0lI6NGETh4RDcktRm4AQ==",
            "requires": {
                "history": "^5.2.0"
            }
        },
        "redux": {
            "version": "4.2.0",
            "resolved": "https://registry.npmjs.org/redux/-/redux-4.2.0.tgz",
            "integrity": "sha512-oSBmcKKIuIR4ME29/AeNUnl5L+hvBq7OaJWzaptTQJAntaPvxIJqfnjbaEiCzzaIz+XmVILfqAM3Ob0aXLPfjA==",
            "requires": {
                "@babel/runtime": "^7.9.2"
            }
        },
        "regenerator-runtime": {
            "version": "0.13.9",
            "resolved": "https://registry.npmjs.org/regenerator-runtime/-/regenerator-runtime-0.13.9.tgz",
            "integrity": "sha512-p3VT+cOEgxFsRRA9X4lkI1E+k2/CtnKtU4gcxyaCUreilL/vqI6CdZ3wxVUx3UOUg+gnUOQQcRI7BmSI656MYA=="
        },
        "tiny-warning": {
            "version": "1.0.3",
            "resolved": "https://registry.npmjs.org/tiny-warning/-/tiny-warning-1.0.3.tgz",
            "integrity": "sha512-lBN9zLN/oAf68o3zNXYrdCt1kP8WsiGW8Oo2ka41b2IM5JL/S1CTyX1rW0mb/zSuJun0ZUrDxx4sqvYS2FWzPA=="
        },
        "toposort": {
            "version": "2.0.2",
            "resolved": "https://registry.npmjs.org/toposort/-/toposort-2.0.2.tgz",
            "integrity": "sha1-riF2gXXRVZ1IvvNUILL0li8JwzA="
        },
        "tslib": {
            "version": "1.14.1",
            "resolved": "https://registry.npmjs.org/tslib/-/tslib-1.14.1.tgz",
            "integrity": "sha512-Xni35NKzjgMrwevysHTCArtLDpPvye8zV/0E4EyYn43P7/7qvQwPh9BGkHewbMulVntbigmcT7rdX3BNo9wRJg=="
        },
        "universal-cookie": {
            "version": "4.0.4",
            "resolved": "https://registry.npmjs.org/universal-cookie/-/universal-cookie-4.0.4.tgz",
            "integrity": "sha512-lbRVHoOMtItjWbM7TwDLdl8wug7izB0tq3/YVKhT/ahB4VDvWMyvnADfnJI8y6fSvsjh51Ix7lTGC6Tn4rMPhw==",
            "requires": {
                "@types/cookie": "^0.3.3",
                "cookie": "^0.4.0"
            }
        },
        "web-vitals": {
            "version": "2.1.4",
            "resolved": "https://registry.npmjs.org/web-vitals/-/web-vitals-2.1.4.tgz",
            "integrity": "sha512-sVWcwhU5mX6crfI5Vd2dC4qchyTqxV8URinzt25XqVh+bHEPGH4C3NPrNionCP7Obx59wrYEbNlw4Z8sjALzZg=="
        },
        "yup": {
            "version": "0.32.11",
            "resolved": "https://registry.npmjs.org/yup/-/yup-0.32.11.tgz",
            "integrity": "sha512-Z2Fe1bn+eLstG8DRR6FTavGD+MeAwyfmouhHsIUgaADz8jvFKbO/fXc2trJKZg+5EBjh4gGm3iU/t3onKlXHIg==",
            "requires": {
                "@babel/runtime": "^7.15.4",
                "@types/lodash": "^4.14.175",
                "lodash": "^4.17.21",
                "lodash-es": "^4.17.21",
                "nanoclone": "^0.2.1",
                "property-expr": "^2.0.4",
                "toposort": "^2.0.2"
            }
        }
    }
}
