{
  "name": "common",
  "version": "1.0.0",
  "lockfileVersion": 2,
  "requires": true,
  "packages": {
    "": {
      "name": "common",
      "version": "1.0.0",
      "license": "ISC",
      "dependencies": {
        "@types/nanoid-dictionary": "^4.2.0",
        "axios": "^0.26.1",
        "moment": "^2.29.2",
        "nanoid": "^3.3.2",
        "nanoid-dictionary": "^4.3.0",
        "slugify": "^1.6.5"
      },
      "devDependencies": {
        "@types/node": "^17.0.22"
      }
    },
    "node_modules/@types/nanoid-dictionary": {
      "version": "4.2.0",
      "resolved": "https://registry.npmjs.org/@types/nanoid-dictionary/-/nanoid-dictionary-4.2.0.tgz",
      "integrity": "sha512-DyQddKC2AYsInXBMqKSwhom4gpouV8SF1smsCPSzR8hp20vZJ5o5Yxg7qXThCHwr/H6VMq01UArEGbF0q2FXig=="
    },
    "node_modules/@types/node": {
      "version": "17.0.22",
      "resolved": "https://registry.npmjs.org/@types/node/-/node-17.0.22.tgz",
      "integrity": "sha512-8FwbVoG4fy+ykY86XCAclKZDORttqE5/s7dyWZKLXTdv3vRy5HozBEinG5IqhvPXXzIZEcTVbuHlQEI6iuwcmw==",
      "dev": true
    },
    "node_modules/axios": {
      "version": "0.26.1",
      "resolved": "https://registry.npmjs.org/axios/-/axios-0.26.1.tgz",
      "integrity": "sha512-fPwcX4EvnSHuInCMItEhAGnaSEXRBjtzh9fOtsE6E1G6p7vl7edEeZe11QHf18+6+9gR5PbKV/sGKNaD8YaMeA==",
      "dependencies": {
        "follow-redirects": "^1.14.8"
      }
    },
    "node_modules/follow-redirects": {
      "version": "1.14.9",
      "resolved": "https://registry.npmjs.org/follow-redirects/-/follow-redirects-1.14.9.tgz",
      "integrity": "sha512-MQDfihBQYMcyy5dhRDJUHcw7lb2Pv/TuE6xP1vyraLukNDHKbDxDNaOE3NbCAdKQApno+GPRyo1YAp89yCjK4w==",
      "funding": [
        {
          "type": "individual",
          "url": "https://github.com/sponsors/RubenVerborgh"
        }
      ],
      "engines": {
        "node": ">=4.0"
      },
      "peerDependenciesMeta": {
        "debug": {
          "optional": true
        }
      }
    },
    "node_modules/moment": {
      "version": "2.29.2",
      "resolved": "https://registry.npmjs.org/moment/-/moment-2.29.2.tgz",
      "integrity": "sha512-UgzG4rvxYpN15jgCmVJwac49h9ly9NurikMWGPdVxm8GZD6XjkKPxDTjQQ43gtGgnV3X0cAyWDdP2Wexoquifg==",
      "engines": {
        "node": "*"
      }
    },
    "node_modules/nanoid": {
      "version": "3.3.2",
      "resolved": "https://registry.npmjs.org/nanoid/-/nanoid-3.3.2.tgz",
      "integrity": "sha512-CuHBogktKwpm5g2sRgv83jEy2ijFzBwMoYA60orPDR7ynsLijJDqgsi4RDGj3OJpy3Ieb+LYwiRmIOGyytgITA==",
      "bin": {
        "nanoid": "bin/nanoid.cjs"
      },
      "engines": {
        "node": "^10 || ^12 || ^13.7 || ^14 || >=15.0.1"
      }
    },
    "node_modules/nanoid-dictionary": {
      "version": "4.3.0",
      "resolved": "https://registry.npmjs.org/nanoid-dictionary/-/nanoid-dictionary-4.3.0.tgz",
      "integrity": "sha512-Xw1+/QnRGWO1KJ0rLfU1xR85qXmAHyLbE3TUkklu9gOIDburP6CsUnLmTaNECGpBh5SHb2uPFmx0VT8UPyoeyw=="
    },
    "node_modules/slugify": {
      "version": "1.6.5",
      "resolved": "https://registry.npmjs.org/slugify/-/slugify-1.6.5.tgz",
      "integrity": "sha512-8mo9bslnBO3tr5PEVFzMPIWwWnipGS0xVbYf65zxDqfNwmzYn1LpiKNrR6DlClusuvo+hDHd1zKpmfAe83NQSQ==",
      "engines": {
        "node": ">=8.0.0"
      }
    }
  },
  "dependencies": {
    "@types/nanoid-dictionary": {
      "version": "4.2.0",
      "resolved": "https://registry.npmjs.org/@types/nanoid-dictionary/-/nanoid-dictionary-4.2.0.tgz",
      "integrity": "sha512-DyQddKC2AYsInXBMqKSwhom4gpouV8SF1smsCPSzR8hp20vZJ5o5Yxg7qXThCHwr/H6VMq01UArEGbF0q2FXig=="
    },
    "@types/node": {
      "version": "17.0.22",
      "resolved": "https://registry.npmjs.org/@types/node/-/node-17.0.22.tgz",
      "integrity": "sha512-8FwbVoG4fy+ykY86XCAclKZDORttqE5/s7dyWZKLXTdv3vRy5HozBEinG5IqhvPXXzIZEcTVbuHlQEI6iuwcmw==",
      "dev": true
    },
    "axios": {
      "version": "0.26.1",
      "resolved": "https://registry.npmjs.org/axios/-/axios-0.26.1.tgz",
      "integrity": "sha512-fPwcX4EvnSHuInCMItEhAGnaSEXRBjtzh9fOtsE6E1G6p7vl7edEeZe11QHf18+6+9gR5PbKV/sGKNaD8YaMeA==",
      "requires": {
        "follow-redirects": "^1.14.8"
      }
    },
    "follow-redirects": {
      "version": "1.14.9",
      "resolved": "https://registry.npmjs.org/follow-redirects/-/follow-redirects-1.14.9.tgz",
      "integrity": "sha512-MQDfihBQYMcyy5dhRDJUHcw7lb2Pv/TuE6xP1vyraLukNDHKbDxDNaOE3NbCAdKQApno+GPRyo1YAp89yCjK4w=="
    },
    "moment": {
      "version": "2.29.2",
      "resolved": "https://registry.npmjs.org/moment/-/moment-2.29.2.tgz",
      "integrity": "sha512-UgzG4rvxYpN15jgCmVJwac49h9ly9NurikMWGPdVxm8GZD6XjkKPxDTjQQ43gtGgnV3X0cAyWDdP2Wexoquifg=="
    },
    "nanoid": {
      "version": "3.3.2",
      "resolved": "https://registry.npmjs.org/nanoid/-/nanoid-3.3.2.tgz",
      "integrity": "sha512-CuHBogktKwpm5g2sRgv83jEy2ijFzBwMoYA60orPDR7ynsLijJDqgsi4RDGj3OJpy3Ieb+LYwiRmIOGyytgITA=="
    },
    "nanoid-dictionary": {
      "version": "4.3.0",
      "resolved": "https://registry.npmjs.org/nanoid-dictionary/-/nanoid-dictionary-4.3.0.tgz",
      "integrity": "sha512-Xw1+/QnRGWO1KJ0rLfU1xR85qXmAHyLbE3TUkklu9gOIDburP6CsUnLmTaNECGpBh5SHb2uPFmx0VT8UPyoeyw=="
    },
    "slugify": {
      "version": "1.6.5",
      "resolved": "https://registry.npmjs.org/slugify/-/slugify-1.6.5.tgz",
      "integrity": "sha512-8mo9bslnBO3tr5PEVFzMPIWwWnipGS0xVbYf65zxDqfNwmzYn1LpiKNrR6DlClusuvo+hDHd1zKpmfAe83NQSQ=="
    }
  }
}
