{
    "name": "gcp-deployer",
    "version": "3.0.2041",
    "lockfileVersion": 1,
    "requires": true,
    "dependencies": {
        "JSONStream": {
            "version": "1.3.5",
            "resolved": "https://registry.npmjs.org/JSONStream/-/JSONStream-1.3.5.tgz",
            "integrity": "sha512-E+iruNOY8VV9s4JEbe1aNEm6MiszPRr/UfcHMz0TQh1BXSxHK+ASV1R6W4HpjBhSeS+54PIsAMCBmwD06LLsqQ==",
            "dev": true,
            "requires": {
                "jsonparse": "^1.2.0",
                "through": ">=2.2.7 <3"
            }
        },
        "argv": {
            "version": "0.0.2",
            "resolved": "https://registry.npmjs.org/argv/-/argv-0.0.2.tgz",
            "integrity": "sha1-7L0W+JSbFXGDcRsb2jNPN4QBhas=",
            "dev": true
        },
        "cli-table": {
            "version": "0.3.1",
            "resolved": "https://registry.npmjs.org/cli-table/-/cli-table-0.3.1.tgz",
            "integrity": "sha1-9TsFJmqLGguTSz0IIebi3FkUriM=",
            "dev": true,
            "requires": {
                "colors": "1.0.3"
            }
        },
        "colors": {
            "version": "1.0.3",
            "resolved": "https://registry.npmjs.org/colors/-/colors-1.0.3.tgz",
            "integrity": "sha1-BDP0TYCWgP3rYO0mDxsMJi6CpAs=",
            "dev": true
        },
        "duplexer": {
            "version": "0.1.1",
            "resolved": "https://registry.npmjs.org/duplexer/-/duplexer-0.1.1.tgz",
            "integrity": "sha1-rOb/gIwc5mtX0ev5eXessCM0z8E=",
            "dev": true
        },
        "event-stream": {
            "version": "4.0.1",
            "resolved": "https://registry.npmjs.org/event-stream/-/event-stream-4.0.1.tgz",
            "integrity": "sha512-qACXdu/9VHPBzcyhdOWR5/IahhGMf0roTeZJfzz077GwylcDd90yOHLouhmv7GJ5XzPi6ekaQWd8AvPP2nOvpA==",
            "dev": true,
            "requires": {
                "duplexer": "^0.1.1",
                "from": "^0.1.7",
                "map-stream": "0.0.7",
                "pause-stream": "^0.0.11",
                "split": "^1.0.1",
                "stream-combiner": "^0.2.2",
                "through": "^2.3.8"
            }
        },
        "from": {
            "version": "0.1.7",
            "resolved": "https://registry.npmjs.org/from/-/from-0.1.7.tgz",
            "integrity": "sha1-g8YK/Fi5xWmXAH7Rp2izqzA6RP4=",
            "dev": true
        },
        "jsonparse": {
            "version": "1.3.1",
            "resolved": "https://registry.npmjs.org/jsonparse/-/jsonparse-1.3.1.tgz",
            "integrity": "sha1-P02uSpH6wxX3EGL4UhzCOfE2YoA=",
            "dev": true
        },
        "map-stream": {
            "version": "0.0.7",
            "resolved": "https://registry.npmjs.org/map-stream/-/map-stream-0.0.7.tgz",
            "integrity": "sha1-ih8HiW2CsQkmvTdEokIACfiJdKg=",
            "dev": true
        },
        "npm-audit-ci-wrapper": {
            "version": "2.5.1",
            "resolved": "https://registry.npmjs.org/npm-audit-ci-wrapper/-/npm-audit-ci-wrapper-2.5.1.tgz",
            "integrity": "sha512-sjQux8qJxNAKLDGeQtfwg8yrF4xswK1/HG870QFjml6ofSMkd4aeUj7IGCp5uEQKHyiAry/S9cHYjPsLvjM0Sg==",
            "dev": true,
            "requires": {
                "JSONStream": "^1.3.5",
                "argv": "^0.0.2",
                "cli-table": "^0.3.1",
                "event-stream": "^4.0.1"
            }
        },
        "pause-stream": {
            "version": "0.0.11",
            "resolved": "https://registry.npmjs.org/pause-stream/-/pause-stream-0.0.11.tgz",
            "integrity": "sha1-/lo0sMvOErWqaitAPuLnO2AvFEU=",
            "dev": true,
            "requires": {
                "through": "~2.3"
            }
        },
        "split": {
            "version": "1.0.1",
            "resolved": "https://registry.npmjs.org/split/-/split-1.0.1.tgz",
            "integrity": "sha512-mTyOoPbrivtXnwnIxZRFYRrPNtEFKlpB2fvjSnCQUiAA6qAZzqwna5envK4uk6OIeP17CsdF3rSBGYVBsU0Tkg==",
            "dev": true,
            "requires": {
                "through": "2"
            }
        },
        "stream-combiner": {
            "version": "0.2.2",
            "resolved": "https://registry.npmjs.org/stream-combiner/-/stream-combiner-0.2.2.tgz",
            "integrity": "sha1-rsjLrBd7Vrb0+kec7YwZEs7lKFg=",
            "dev": true,
            "requires": {
                "duplexer": "~0.1.1",
                "through": "~2.3.4"
            }
        },
        "through": {
            "version": "2.3.8",
            "resolved": "https://registry.npmjs.org/through/-/through-2.3.8.tgz",
            "integrity": "sha1-DdTJ/6q8NXlgsbckEV1+Doai4fU=",
            "dev": true
        }
    }
}
