{
    "name": "fyipe-gl-manager",
    "version": "3.0.0",
    "lockfileVersion": 2,
    "requires": true,
    "packages": {
        "": {
            "version": "3.0.0",
            "license": "MIT",
            "dependencies": {
                "greenlock-manager-fs": "^3.1.0"
            }
        },
        "node_modules/@root/mkdirp": {
            "version": "1.0.0",
            "resolved": "https://registry.npmjs.org/@root/mkdirp/-/mkdirp-1.0.0.tgz",
            "integrity": "sha512-hxGAYUx5029VggfG+U9naAhQkoMSXtOeXtbql97m3Hi6/sQSRL/4khKZPyOF6w11glyCOU38WCNLu9nUcSjOfA=="
        },
        "node_modules/greenlock-manager-fs": {
            "version": "3.1.1",
            "resolved": "https://registry.npmjs.org/greenlock-manager-fs/-/greenlock-manager-fs-3.1.1.tgz",
            "integrity": "sha512-np6qdnPIOZx40PAcSQcqK1eMPWjTKxsxcgRd/OVg0ai49WC1Ds74CTrwmB84pq2n53ikbnDBQFmKEQ4AC0DK8w==",
            "dependencies": {
                "@root/mkdirp": "^1.0.0",
                "safe-replace": "^1.1.0"
            }
        },
        "node_modules/safe-replace": {
            "version": "1.1.0",
            "resolved": "https://registry.npmjs.org/safe-replace/-/safe-replace-1.1.0.tgz",
            "integrity": "sha512-9/V2E0CDsKs9DWOOwJH7jYpSl9S3N05uyevNjvsnDauBqRowBPOyot1fIvV5N2IuZAbYyvrTXrYFVG0RZInfFw=="
        }
    },
    "dependencies": {
        "@root/mkdirp": {
            "version": "1.0.0",
            "resolved": "https://registry.npmjs.org/@root/mkdirp/-/mkdirp-1.0.0.tgz",
            "integrity": "sha512-hxGAYUx5029VggfG+U9naAhQkoMSXtOeXtbql97m3Hi6/sQSRL/4khKZPyOF6w11glyCOU38WCNLu9nUcSjOfA=="
        },
        "greenlock-manager-fs": {
            "version": "3.1.1",
            "resolved": "https://registry.npmjs.org/greenlock-manager-fs/-/greenlock-manager-fs-3.1.1.tgz",
            "integrity": "sha512-np6qdnPIOZx40PAcSQcqK1eMPWjTKxsxcgRd/OVg0ai49WC1Ds74CTrwmB84pq2n53ikbnDBQFmKEQ4AC0DK8w==",
            "requires": {
                "@root/mkdirp": "^1.0.0",
                "safe-replace": "^1.1.0"
            }
        },
        "safe-replace": {
            "version": "1.1.0",
            "resolved": "https://registry.npmjs.org/safe-replace/-/safe-replace-1.1.0.tgz",
            "integrity": "sha512-9/V2E0CDsKs9DWOOwJH7jYpSl9S3N05uyevNjvsnDauBqRowBPOyot1fIvV5N2IuZAbYyvrTXrYFVG0RZInfFw=="
        }
    }
}
